# THIS IS AN AUTOGENERATED FILE. DO NOT EDIT THIS FILE DIRECTLY.
# yarn lockfile v1


"@feathersjs/errors@^3.2.0":
  version "3.2.0"
  resolved "https://registry.yarnpkg.com/@feathersjs/errors/-/errors-3.2.0.tgz#aaa504499ffb643d5410bb430076719dd36b6a59"
  dependencies:
    debug "^3.1.0"

debug@^3.1.0:
  version "3.1.0"
  resolved "https://registry.yarnpkg.com/debug/-/debug-3.1.0.tgz#5bb5a0672628b64149566ba16819e61518c67261"
  dependencies:
    ms "2.0.0"

es6-promise-polyfill@1.2.0:
  version "1.2.0"
  resolved "https://registry.yarnpkg.com/es6-promise-polyfill/-/es6-promise-polyfill-1.2.0.tgz#f38925f23cb3e3e8ce6cda8ff774fcebbb090cde"

fast-ratelimit@^2.1.8:
  version "2.1.8"
  resolved "https://registry.yarnpkg.com/fast-ratelimit/-/fast-ratelimit-2.1.8.tgz#89856322303a00f5bd4b2b0dff70b4e2850b910c"
  dependencies:
    es6-promise-polyfill "1.2.0"
    hashtable-patch-valeriansaliou "2.1.5"

hashtable-patch-valeriansaliou@2.1.5:
  version "2.1.5"
  resolved "https://registry.yarnpkg.com/hashtable-patch-valeriansaliou/-/hashtable-patch-valeriansaliou-2.1.5.tgz#5068c6b922bbdb3c0f6bf62517d15c6b7fee14ed"
  dependencies:
    nan latest

ms@2.0.0:
  version "2.0.0"
  resolved "https://registry.yarnpkg.com/ms/-/ms-2.0.0.tgz#5608aeadfc00be6c2901df5f9861788de0d597c8"

nan@latest:
  version "2.8.0"
  resolved "https://registry.yarnpkg.com/nan/-/nan-2.8.0.tgz#ed715f3fe9de02b57a5e6252d90a96675e1f085a"
